
Microsoft Visual Studio Solution File, Format Version 12.00
# Visual Studio Version 16
VisualStudioVersion = 16.0.30523.141
MinimumVisualStudioVersion = 10.0.40219.1
Project("{FAE04EC0-301F-11D3-BF4B-00C04F79EFBC}") = "MyFirstAppv.0", "MyFirstAppv.0.csproj", "{0DC8C037-0441-49EC-80BC-3EB8D6AAAAC0}"
EndProject
Global
	GlobalSection(SolutionConfigurationPlatforms) = preSolution
		Debug|Any CPU = Debug|Any CPU
		Release|Any CPU = Release|Any CPU
	EndGlobalSection
	GlobalSection(ProjectConfigurationPlatforms) = postSolution
		{0DC8C037-0441-49EC-80BC-3EB8D6AAAAC0}.Debug|Any CPU.ActiveCfg = Debug|Any CPU
		{0DC8C037-0441-49EC-80BC-3EB8D6AAAAC0}.Debug|Any CPU.Build.0 = Debug|Any CPU
		{0DC8C037-0441-49EC-80BC-3EB8D6AAAAC0}.Release|Any CPU.ActiveCfg = Release|Any CPU
		{0DC8C037-0441-49EC-80BC-3EB8D6AAAAC0}.Release|Any CPU.Build.0 = Release|Any CPU
	EndGlobalSection
	GlobalSection(SolutionProperties) = preSolution
		HideSolutionNode = FALSE
	EndGlobalSection
	GlobalSection(ExtensibilityGlobals) = postSolution
		SolutionGuid = {6225895B-5755-4922-96D6-F41DC59F0F10}
	EndGlobalSection
EndGlobal
